
Microsoft Visual Studio Solution File, Format Version 12.00
# Visual Studio Version 17
VisualStudioVersion = 17.9.34622.214
MinimumVisualStudioVersion = 10.0.40219.1
Project("{FAE04EC0-301F-11D3-BF4B-00C04F79EFBC}") = "WinFormsApp_Task1", "WinFormsApp_Task1\WinFormsApp_Task1.csproj", "{E5876B40-DE1E-4375-905C-333901FD2B82}"
EndProject
Global
	GlobalSection(SolutionConfigurationPlatforms) = preSolution
		Debug|Any CPU = Debug|Any CPU
		Release|Any CPU = Release|Any CPU
	EndGlobalSection
	GlobalSection(ProjectConfigurationPlatforms) = postSolution
		{E5876B40-DE1E-4375-905C-333901FD2B82}.Debug|Any CPU.ActiveCfg = Debug|Any CPU
		{E5876B40-DE1E-4375-905C-333901FD2B82}.Debug|Any CPU.Build.0 = Debug|Any CPU
		{E5876B40-DE1E-4375-905C-333901FD2B82}.Release|Any CPU.ActiveCfg = Release|Any CPU
		{E5876B40-DE1E-4375-905C-333901FD2B82}.Release|Any CPU.Build.0 = Release|Any CPU
	EndGlobalSection
	GlobalSection(SolutionProperties) = preSolution
		HideSolutionNode = FALSE
	EndGlobalSection
	GlobalSection(ExtensibilityGlobals) = postSolution
		SolutionGuid = {0FDB4F9B-3032-4432-BA74-4012C70E0515}
	EndGlobalSection
EndGlobal
