
Microsoft Visual Studio Solution File, Format Version 12.00
# Visual Studio Version 17
VisualStudioVersion = 17.9.34622.214
MinimumVisualStudioVersion = 10.0.40219.1
Project("{FAE04EC0-301F-11D3-BF4B-00C04F79EFBC}") = "Task_12-Keyboard", "Task_12-Keyboard\Task_12-Keyboard.csproj", "{39D62DF0-A5A0-41CD-A40D-B5F65A50C4FE}"
EndProject
Global
	GlobalSection(SolutionConfigurationPlatforms) = preSolution
		Debug|Any CPU = Debug|Any CPU
		Release|Any CPU = Release|Any CPU
	EndGlobalSection
	GlobalSection(ProjectConfigurationPlatforms) = postSolution
		{39D62DF0-A5A0-41CD-A40D-B5F65A50C4FE}.Debug|Any CPU.ActiveCfg = Debug|Any CPU
		{39D62DF0-A5A0-41CD-A40D-B5F65A50C4FE}.Debug|Any CPU.Build.0 = Debug|Any CPU
		{39D62DF0-A5A0-41CD-A40D-B5F65A50C4FE}.Release|Any CPU.ActiveCfg = Release|Any CPU
		{39D62DF0-A5A0-41CD-A40D-B5F65A50C4FE}.Release|Any CPU.Build.0 = Release|Any CPU
	EndGlobalSection
	GlobalSection(SolutionProperties) = preSolution
		HideSolutionNode = FALSE
	EndGlobalSection
	GlobalSection(ExtensibilityGlobals) = postSolution
		SolutionGuid = {4B695CFD-E975-4505-AE5E-A39FC8627F02}
	EndGlobalSection
EndGlobal
