
Microsoft Visual Studio Solution File, Format Version 12.00
# Visual Studio Version 17
VisualStudioVersion = 17.9.34622.214
MinimumVisualStudioVersion = 10.0.40219.1
Project("{FAE04EC0-301F-11D3-BF4B-00C04F79EFBC}") = "Task_6_while", "Task_6_while\Task_6_while.csproj", "{54CBD68B-D6A3-49D1-BB2B-8C0BBFE6C8F6}"
EndProject
Global
	GlobalSection(SolutionConfigurationPlatforms) = preSolution
		Debug|Any CPU = Debug|Any CPU
		Release|Any CPU = Release|Any CPU
	EndGlobalSection
	GlobalSection(ProjectConfigurationPlatforms) = postSolution
		{54CBD68B-D6A3-49D1-BB2B-8C0BBFE6C8F6}.Debug|Any CPU.ActiveCfg = Debug|Any CPU
		{54CBD68B-D6A3-49D1-BB2B-8C0BBFE6C8F6}.Debug|Any CPU.Build.0 = Debug|Any CPU
		{54CBD68B-D6A3-49D1-BB2B-8C0BBFE6C8F6}.Release|Any CPU.ActiveCfg = Release|Any CPU
		{54CBD68B-D6A3-49D1-BB2B-8C0BBFE6C8F6}.Release|Any CPU.Build.0 = Release|Any CPU
	EndGlobalSection
	GlobalSection(SolutionProperties) = preSolution
		HideSolutionNode = FALSE
	EndGlobalSection
	GlobalSection(ExtensibilityGlobals) = postSolution
		SolutionGuid = {E9C667B0-ABC9-43DC-90C0-6EB3E091CCAE}
	EndGlobalSection
EndGlobal
