
Microsoft Visual Studio Solution File, Format Version 12.00
# Visual Studio Version 17
VisualStudioVersion = 17.9.34622.214
MinimumVisualStudioVersion = 10.0.40219.1
Project("{FAE04EC0-301F-11D3-BF4B-00C04F79EFBC}") = "Task_17_MemoryGame", "Task_17_MemoryGame\Task_17_MemoryGame.csproj", "{00AD012B-898B-4AC2-A66B-C02337E4E756}"
EndProject
Global
	GlobalSection(SolutionConfigurationPlatforms) = preSolution
		Debug|Any CPU = Debug|Any CPU
		Release|Any CPU = Release|Any CPU
	EndGlobalSection
	GlobalSection(ProjectConfigurationPlatforms) = postSolution
		{00AD012B-898B-4AC2-A66B-C02337E4E756}.Debug|Any CPU.ActiveCfg = Debug|Any CPU
		{00AD012B-898B-4AC2-A66B-C02337E4E756}.Debug|Any CPU.Build.0 = Debug|Any CPU
		{00AD012B-898B-4AC2-A66B-C02337E4E756}.Release|Any CPU.ActiveCfg = Release|Any CPU
		{00AD012B-898B-4AC2-A66B-C02337E4E756}.Release|Any CPU.Build.0 = Release|Any CPU
	EndGlobalSection
	GlobalSection(SolutionProperties) = preSolution
		HideSolutionNode = FALSE
	EndGlobalSection
	GlobalSection(ExtensibilityGlobals) = postSolution
		SolutionGuid = {50BD5EE3-0BAD-446B-B5E7-26BAB860D804}
	EndGlobalSection
EndGlobal
